// !$*UTF8*$!
{
	archiveVersion = 1;
	classes = {
	};
	objectVersion = 56;
	objects = {

/* Begin PBXBuildFile section */
		53078E3D2C73714A004B2E8A /* LoadingState.swift in Sources */ = {isa = PBXBuildFile; fileRef = 53078E3C2C73714A004B2E8A /* LoadingState.swift */; };
		53557F282C721AD900263BFE /* QiitaViewerApp.swift in Sources */ = {isa = PBXBuildFile; fileRef = 53557F272C721AD900263BFE /* QiitaViewerApp.swift */; };
		53557F2A2C721AD900263BFE /* QiitaSearchView.swift in Sources */ = {isa = PBXBuildFile; fileRef = 53557F292C721AD900263BFE /* QiitaSearchView.swift */; };
		53557F2C2C721ADB00263BFE /* Assets.xcassets in Resources */ = {isa = PBXBuildFile; fileRef = 53557F2B2C721ADB00263BFE /* Assets.xcassets */; };
		53557F2F2C721ADB00263BFE /* Preview Assets.xcassets in Resources */ = {isa = PBXBuildFile; fileRef = 53557F2E2C721ADB00263BFE /* Preview Assets.xcassets */; };
		53E62A8B2C7246F400CF84B9 /* Article.swift in Sources */ = {isa = PBXBuildFile; fileRef = 53E62A8A2C7246F400CF84B9 /* Article.swift */; };
		53E62A8D2C72471400CF84B9 /* ArticleAPIClient.swift in Sources */ = {isa = PBXBuildFile; fileRef = 53E62A8C2C72471400CF84B9 /* ArticleAPIClient.swift */; };
		53E62A8F2C72472F00CF84B9 /* ArticleAPIClientError.swift in Sources */ = {isa = PBXBuildFile; fileRef = 53E62A8E2C72472F00CF84B9 /* ArticleAPIClientError.swift */; };
/* End PBXBuildFile section */

/* Begin PBXFileReference section */
		53078E3C2C73714A004B2E8A /* LoadingState.swift */ = {isa = PBXFileReference; lastKnownFileType = sourcecode.swift; path = LoadingState.swift; sourceTree = "<group>"; };
		53557F242C721AD900263BFE /* QiitaViewer.app */ = {isa = PBXFileReference; explicitFileType = wrapper.application; includeInIndex = 0; path = QiitaViewer.app; sourceTree = BUILT_PRODUCTS_DIR; };
		53557F272C721AD900263BFE /* QiitaViewerApp.swift */ = {isa = PBXFileReference; lastKnownFileType = sourcecode.swift; path = QiitaViewerApp.swift; sourceTree = "<group>"; };
		53557F292C721AD900263BFE /* QiitaSearchView.swift */ = {isa = PBXFileReference; lastKnownFileType = sourcecode.swift; path = QiitaSearchView.swift; sourceTree = "<group>"; };
		53557F2B2C721ADB00263BFE /* Assets.xcassets */ = {isa = PBXFileReference; lastKnownFileType = folder.assetcatalog; path = Assets.xcassets; sourceTree = "<group>"; };
		53557F2E2C721ADB00263BFE /* Preview Assets.xcassets */ = {isa = PBXFileReference; lastKnownFileType = folder.assetcatalog; path = "Preview Assets.xcassets"; sourceTree = "<group>"; };
		53E62A8A2C7246F400CF84B9 /* Article.swift */ = {isa = PBXFileReference; lastKnownFileType = sourcecode.swift; path = Article.swift; sourceTree = "<group>"; };
		53E62A8C2C72471400CF84B9 /* ArticleAPIClient.swift */ = {isa = PBXFileReference; lastKnownFileType = sourcecode.swift; path = ArticleAPIClient.swift; sourceTree = "<group>"; };
		53E62A8E2C72472F00CF84B9 /* ArticleAPIClientError.swift */ = {isa = PBXFileReference; lastKnownFileType = sourcecode.swift; path = ArticleAPIClientError.swift; sourceTree = "<group>"; };
/* End PBXFileReference section */

/* Begin PBXFrameworksBuildPhase section */
		53557F212C721AD900263BFE /* Frameworks */ = {
			isa = PBXFrameworksBuildPhase;
			buildActionMask = 2147483647;
			files = (
			);
			runOnlyForDeploymentPostprocessing = 0;
		};
/* End PBXFrameworksBuildPhase section */

/* Begin PBXGroup section */
		53078E402C737292004B2E8A /* ViewModels */ = {
			isa = PBXGroup;
			children = (
				53078E3A2C73708B004B2E8A /* QiitaSearchViewModel.swift */,
			);
			path = ViewModels;
			sourceTree = "<group>";
		};
		53078E412C7372F8004B2E8A /* State */ = {
			isa = PBXGroup;
			children = (
				53078E3C2C73714A004B2E8A /* LoadingState.swift */,
			);
			path = State;
			sourceTree = "<group>";
		};
		53557F1B2C721AD900263BFE = {
			isa = PBXGroup;
			children = (
				53557F262C721AD900263BFE /* QiitaViewer */,
				53557F252C721AD900263BFE /* Products */,
			);
			sourceTree = "<group>";
		};
		53557F252C721AD900263BFE /* Products */ = {
			isa = PBXGroup;
			children = (
				53557F242C721AD900263BFE /* QiitaViewer.app */,
			);
			name = Products;
			sourceTree = "<group>";
		};
		53557F262C721AD900263BFE /* QiitaViewer */ = {
			isa = PBXGroup;
			children = (
				53557F272C721AD900263BFE /* QiitaViewerApp.swift */,
				53557F372C721FC400263BFE /* Models */,
				5367F36F2C736499003C5DA2 /* Views */,
				53078E402C737292004B2E8A /* ViewModels */,
				53078E412C7372F8004B2E8A /* State */,
				53557F3A2C72272900263BFE /* Error */,
				53557F2B2C721ADB00263BFE /* Assets.xcassets */,
				53557F2D2C721ADB00263BFE /* Preview Content */,
			);
			path = QiitaViewer;
			sourceTree = "<group>";
		};
		53557F2D2C721ADB00263BFE /* Preview Content */ = {
			isa = PBXGroup;
			children = (
				53557F2E2C721ADB00263BFE /* Preview Assets.xcassets */,
			);
			path = "Preview Content";
			sourceTree = "<group>";
		};
		53557F372C721FC400263BFE /* Models */ = {
			isa = PBXGroup;
			children = (
				53E62A8A2C7246F400CF84B9 /* Article.swift */,
				53E62A8C2C72471400CF84B9 /* ArticleAPIClient.swift */,
			);
			path = Models;
			sourceTree = "<group>";
		};
		53557F3A2C72272900263BFE /* Error */ = {
			isa = PBXGroup;
			children = (
				53E62A8E2C72472F00CF84B9 /* ArticleAPIClientError.swift */,
			);
			path = Error;
			sourceTree = "<group>";
		};
		5367F36F2C736499003C5DA2 /* Views */ = {
			isa = PBXGroup;
			children = (
				53557F292C721AD900263BFE /* QiitaSearchView.swift */,
			);
			path = Views;
			sourceTree = "<group>";
		};
/* End PBXGroup section */

/* Begin PBXNativeTarget section */
		53557F232C721AD900263BFE /* QiitaViewer */ = {
			isa = PBXNativeTarget;
			buildConfigurationList = 53557F322C721ADB00263BFE /* Build configuration list for PBXNativeTarget "QiitaViewer" */;
			buildPhases = (
				53557F202C721AD900263BFE /* Sources */,
				53557F212C721AD900263BFE /* Frameworks */,
				53557F222C721AD900263BFE /* Resources */,
				53557F3D2C7230B500263BFE /* ShellScript */,
			);
			buildRules = (
			);
			dependencies = (
			);
			name = QiitaViewer;
			productName = QiitaViewer;
			productReference = 53557F242C721AD900263BFE /* QiitaViewer.app */;
			productType = "com.apple.product-type.application";
		};
/* End PBXNativeTarget section */

/* Begin PBXProject section */
		53557F1C2C721AD900263BFE /* Project object */ = {
			isa = PBXProject;
			attributes = {
				BuildIndependentTargetsInParallel = 1;
				LastSwiftUpdateCheck = 1540;
				LastUpgradeCheck = 1540;
				TargetAttributes = {
					53557F232C721AD900263BFE = {
						CreatedOnToolsVersion = 15.4;
					};
				};
			};
			buildConfigurationList = 53557F1F2C721AD900263BFE /* Build configuration list for PBXProject "QiitaViewer" */;
			compatibilityVersion = "Xcode 14.0";
			developmentRegion = en;
			hasScannedForEncodings = 0;
			knownRegions = (
				en,
				Base,
			);
			mainGroup = 53557F1B2C721AD900263BFE;
			productRefGroup = 53557F252C721AD900263BFE /* Products */;
			projectDirPath = "";
			projectRoot = "";
			targets = (
				53557F232C721AD900263BFE /* QiitaViewer */,
			);
		};
/* End PBXProject section */

/* Begin PBXResourcesBuildPhase section */
		53557F222C721AD900263BFE /* Resources */ = {
			isa = PBXResourcesBuildPhase;
			buildActionMask = 2147483647;
			files = (
				53557F2F2C721ADB00263BFE /* Preview Assets.xcassets in Resources */,
				53557F2C2C721ADB00263BFE /* Assets.xcassets in Resources */,
			);
			runOnlyForDeploymentPostprocessing = 0;
		};
/* End PBXResourcesBuildPhase section */

/* Begin PBXShellScriptBuildPhase section */
		53557F3D2C7230B500263BFE /* ShellScript */ = {
			isa = PBXShellScriptBuildPhase;
			alwaysOutOfDate = 1;
			buildActionMask = 2147483647;
			files = (
			);
			inputFileListPaths = (
			);
			inputPaths = (
			);
			outputFileListPaths = (
			);
			outputPaths = (
			);
			runOnlyForDeploymentPostprocessing = 0;
			shellPath = /bin/sh;
			shellScript = "SDKROOT=$(xcrun --sdk macosx --show-sdk-path)\nexport MINT_PATH=./.mint/lib\nexport MINT_LINK_PATH=./.mint/bin\n\n# M1 Mac\nif [ \"$(uname -m)\" = \"arm64\" ]; then\n  export HOMEBREW_HOME=/opt/homebrew\n# Intel Mac\nelse\n  export HOMEBREW_HOME=/usr/local\nfi\nif [ -d \"${HOMEBREW_HOME}\" ]; then\n  export PATH=\"${HOMEBREW_HOME}/bin:$PATH\"\nfi\n\nif which mint >/dev/null; then\n  # SwiftLint を実行\n  mint run realm/SwiftLint swiftlint --fix --format\n  # フォーマット後に改めてチェック\n  mint run realm/SwiftLint swiftlint\nelse\n  echo \"warning: Mint not installed, please run \\`brew install mint\\`.\"\nfi\n";
		};
/* End PBXShellScriptBuildPhase section */

/* Begin PBXSourcesBuildPhase section */
		53557F202C721AD900263BFE /* Sources */ = {
			isa = PBXSourcesBuildPhase;
			buildActionMask = 2147483647;
			files = (
				53E62A8F2C72472F00CF84B9 /* ArticleAPIClientError.swift in Sources */,
				53E62A8D2C72471400CF84B9 /* ArticleAPIClient.swift in Sources */,
				53557F2A2C721AD900263BFE /* QiitaSearchView.swift in Sources */,
				53078E3D2C73714A004B2E8A /* LoadingState.swift in Sources */,
				53557F282C721AD900263BFE /* QiitaViewerApp.swift in Sources */,
				53E62A8B2C7246F400CF84B9 /* Article.swift in Sources */,
			);
			runOnlyForDeploymentPostprocessing = 0;
		};
/* End PBXSourcesBuildPhase section */

/* Begin XCBuildConfiguration section */
		53557F302C721ADB00263BFE /* Debug */ = {
			isa = XCBuildConfiguration;
			buildSettings = {
				ALWAYS_SEARCH_USER_PATHS = NO;
				ASSETCATALOG_COMPILER_GENERATE_SWIFT_ASSET_SYMBOL_EXTENSIONS = YES;
				CLANG_ANALYZER_NONNULL = YES;
				CLANG_ANALYZER_NUMBER_OBJECT_CONVERSION = YES_AGGRESSIVE;
				CLANG_CXX_LANGUAGE_STANDARD = "gnu++20";
				CLANG_ENABLE_MODULES = YES;
				CLANG_ENABLE_OBJC_ARC = YES;
				CLANG_ENABLE_OBJC_WEAK = YES;
				CLANG_WARN_BLOCK_CAPTURE_AUTORELEASING = YES;
				CLANG_WARN_BOOL_CONVERSION = YES;
				CLANG_WARN_COMMA = YES;
				CLANG_WARN_CONSTANT_CONVERSION = YES;
				CLANG_WARN_DEPRECATED_OBJC_IMPLEMENTATIONS = YES;
				CLANG_WARN_DIRECT_OBJC_ISA_USAGE = YES_ERROR;
				CLANG_WARN_DOCUMENTATION_COMMENTS = YES;
				CLANG_WARN_EMPTY_BODY = YES;
				CLANG_WARN_ENUM_CONVERSION = YES;
				CLANG_WARN_INFINITE_RECURSION = YES;
				CLANG_WARN_INT_CONVERSION = YES;
				CLANG_WARN_NON_LITERAL_NULL_CONVERSION = YES;
				CLANG_WARN_OBJC_IMPLICIT_RETAIN_SELF = YES;
				CLANG_WARN_OBJC_LITERAL_CONVERSION = YES;
				CLANG_WARN_OBJC_ROOT_CLASS = YES_ERROR;
				CLANG_WARN_QUOTED_INCLUDE_IN_FRAMEWORK_HEADER = YES;
				CLANG_WARN_RANGE_LOOP_ANALYSIS = YES;
				CLANG_WARN_STRICT_PROTOTYPES = YES;
				CLANG_WARN_SUSPICIOUS_MOVE = YES;
				CLANG_WARN_UNGUARDED_AVAILABILITY = YES_AGGRESSIVE;
				CLANG_WARN_UNREACHABLE_CODE = YES;
				CLANG_WARN__DUPLICATE_METHOD_MATCH = YES;
				COPY_PHASE_STRIP = NO;
				DEBUG_INFORMATION_FORMAT = dwarf;
				ENABLE_STRICT_OBJC_MSGSEND = YES;
				ENABLE_TESTABILITY = YES;
				ENABLE_USER_SCRIPT_SANDBOXING = YES;
				GCC_C_LANGUAGE_STANDARD = gnu17;
				GCC_DYNAMIC_NO_PIC = NO;
				GCC_NO_COMMON_BLOCKS = YES;
				GCC_OPTIMIZATION_LEVEL = 0;
				GCC_PREPROCESSOR_DEFINITIONS = (
					"DEBUG=1",
					"$(inherited)",
				);
				GCC_WARN_64_TO_32_BIT_CONVERSION = YES;
				GCC_WARN_ABOUT_RETURN_TYPE = YES_ERROR;
				GCC_WARN_UNDECLARED_SELECTOR = YES;
				GCC_WARN_UNINITIALIZED_AUTOS = YES_AGGRESSIVE;
				GCC_WARN_UNUSED_FUNCTION = YES;
				GCC_WARN_UNUSED_VARIABLE = YES;
				IPHONEOS_DEPLOYMENT_TARGET = 17.5;
				LOCALIZATION_PREFERS_STRING_CATALOGS = YES;
				MTL_ENABLE_DEBUG_INFO = INCLUDE_SOURCE;
				MTL_FAST_MATH = YES;
				ONLY_ACTIVE_ARCH = YES;
				SDKROOT = iphoneos;
				SWIFT_ACTIVE_COMPILATION_CONDITIONS = "DEBUG $(inherited)";
				SWIFT_OPTIMIZATION_LEVEL = "-Onone";
			};
			name = Debug;
		};
		53557F312C721ADB00263BFE /* Release */ = {
			isa = XCBuildConfiguration;
			buildSettings = {
				ALWAYS_SEARCH_USER_PATHS = NO;
				ASSETCATALOG_COMPILER_GENERATE_SWIFT_ASSET_SYMBOL_EXTENSIONS = YES;
				CLANG_ANALYZER_NONNULL = YES;
				CLANG_ANALYZER_NUMBER_OBJECT_CONVERSION = YES_AGGRESSIVE;
				CLANG_CXX_LANGUAGE_STANDARD = "gnu++20";
				CLANG_ENABLE_MODULES = YES;
				CLANG_ENABLE_OBJC_ARC = YES;
				CLANG_ENABLE_OBJC_WEAK = YES;
				CLANG_WARN_BLOCK_CAPTURE_AUTORELEASING = YES;
				CLANG_WARN_BOOL_CONVERSION = YES;
				CLANG_WARN_COMMA = YES;
				CLANG_WARN_CONSTANT_CONVERSION = YES;
				CLANG_WARN_DEPRECATED_OBJC_IMPLEMENTATIONS = YES;
				CLANG_WARN_DIRECT_OBJC_ISA_USAGE = YES_ERROR;
				CLANG_WARN_DOCUMENTATION_COMMENTS = YES;
				CLANG_WARN_EMPTY_BODY = YES;
				CLANG_WARN_ENUM_CONVERSION = YES;
				CLANG_WARN_INFINITE_RECURSION = YES;
				CLANG_WARN_INT_CONVERSION = YES;
				CLANG_WARN_NON_LITERAL_NULL_CONVERSION = YES;
				CLANG_WARN_OBJC_IMPLICIT_RETAIN_SELF = YES;
				CLANG_WARN_OBJC_LITERAL_CONVERSION = YES;
				CLANG_WARN_OBJC_ROOT_CLASS = YES_ERROR;
				CLANG_WARN_QUOTED_INCLUDE_IN_FRAMEWORK_HEADER = YES;
				CLANG_WARN_RANGE_LOOP_ANALYSIS = YES;
				CLANG_WARN_STRICT_PROTOTYPES = YES;
				CLANG_WARN_SUSPICIOUS_MOVE = YES;
				CLANG_WARN_UNGUARDED_AVAILABILITY = YES_AGGRESSIVE;
				CLANG_WARN_UNREACHABLE_CODE = YES;
				CLANG_WARN__DUPLICATE_METHOD_MATCH = YES;
				COPY_PHASE_STRIP = NO;
				DEBUG_INFORMATION_FORMAT = "dwarf-with-dsym";
				ENABLE_NS_ASSERTIONS = NO;
				ENABLE_STRICT_OBJC_MSGSEND = YES;
				ENABLE_USER_SCRIPT_SANDBOXING = YES;
				GCC_C_LANGUAGE_STANDARD = gnu17;
				GCC_NO_COMMON_BLOCKS = YES;
				GCC_WARN_64_TO_32_BIT_CONVERSION = YES;
				GCC_WARN_ABOUT_RETURN_TYPE = YES_ERROR;
				GCC_WARN_UNDECLARED_SELECTOR = YES;
				GCC_WARN_UNINITIALIZED_AUTOS = YES_AGGRESSIVE;
				GCC_WARN_UNUSED_FUNCTION = YES;
				GCC_WARN_UNUSED_VARIABLE = YES;
				IPHONEOS_DEPLOYMENT_TARGET = 17.5;
				LOCALIZATION_PREFERS_STRING_CATALOGS = YES;
				MTL_ENABLE_DEBUG_INFO = NO;
				MTL_FAST_MATH = YES;
				SDKROOT = iphoneos;
				SWIFT_COMPILATION_MODE = wholemodule;
				VALIDATE_PRODUCT = YES;
			};
			name = Release;
		};
		53557F332C721ADB00263BFE /* Debug */ = {
			isa = XCBuildConfiguration;
			buildSettings = {
				ASSETCATALOG_COMPILER_APPICON_NAME = AppIcon;
				ASSETCATALOG_COMPILER_GLOBAL_ACCENT_COLOR_NAME = AccentColor;
				CODE_SIGN_STYLE = Automatic;
				CURRENT_PROJECT_VERSION = 1;
				DEVELOPMENT_ASSET_PATHS = "\"QiitaViewer/Preview Content\"";
				DEVELOPMENT_TEAM = R5LVVTG62Z;
				ENABLE_PREVIEWS = YES;
				ENABLE_USER_SCRIPT_SANDBOXING = NO;
				GENERATE_INFOPLIST_FILE = YES;
				INFOPLIST_KEY_UIApplicationSceneManifest_Generation = YES;
				INFOPLIST_KEY_UIApplicationSupportsIndirectInputEvents = YES;
				INFOPLIST_KEY_UILaunchScreen_Generation = YES;
				INFOPLIST_KEY_UISupportedInterfaceOrientations_iPad = "UIInterfaceOrientationPortrait UIInterfaceOrientationPortraitUpsideDown UIInterfaceOrientationLandscapeLeft UIInterfaceOrientationLandscapeRight";
				INFOPLIST_KEY_UISupportedInterfaceOrientations_iPhone = "UIInterfaceOrientationPortrait UIInterfaceOrientationLandscapeLeft UIInterfaceOrientationLandscapeRight";
				LD_RUNPATH_SEARCH_PATHS = (
					"$(inherited)",
					"@executable_path/Frameworks",
				);
				MARKETING_VERSION = 1.0;
				PRODUCT_BUNDLE_IDENTIFIER = com.hinaf0224.QiitaViewer;
				PRODUCT_NAME = "$(TARGET_NAME)";
				SWIFT_EMIT_LOC_STRINGS = YES;
				SWIFT_VERSION = 5.0;
				TARGETED_DEVICE_FAMILY = "1,2";
			};
			name = Debug;
		};
		53557F342C721ADB00263BFE /* Release */ = {
			isa = XCBuildConfiguration;
			buildSettings = {
				ASSETCATALOG_COMPILER_APPICON_NAME = AppIcon;
				ASSETCATALOG_COMPILER_GLOBAL_ACCENT_COLOR_NAME = AccentColor;
				CODE_SIGN_STYLE = Automatic;
				CURRENT_PROJECT_VERSION = 1;
				DEVELOPMENT_ASSET_PATHS = "\"QiitaViewer/Preview Content\"";
				DEVELOPMENT_TEAM = R5LVVTG62Z;
				ENABLE_PREVIEWS = YES;
				ENABLE_USER_SCRIPT_SANDBOXING = NO;
				GENERATE_INFOPLIST_FILE = YES;
				INFOPLIST_KEY_UIApplicationSceneManifest_Generation = YES;
				INFOPLIST_KEY_UIApplicationSupportsIndirectInputEvents = YES;
				INFOPLIST_KEY_UILaunchScreen_Generation = YES;
				INFOPLIST_KEY_UISupportedInterfaceOrientations_iPad = "UIInterfaceOrientationPortrait UIInterfaceOrientationPortraitUpsideDown UIInterfaceOrientationLandscapeLeft UIInterfaceOrientationLandscapeRight";
				INFOPLIST_KEY_UISupportedInterfaceOrientations_iPhone = "UIInterfaceOrientationPortrait UIInterfaceOrientationLandscapeLeft UIInterfaceOrientationLandscapeRight";
				LD_RUNPATH_SEARCH_PATHS = (
					"$(inherited)",
					"@executable_path/Frameworks",
				);
				MARKETING_VERSION = 1.0;
				PRODUCT_BUNDLE_IDENTIFIER = com.hinaf0224.QiitaViewer;
				PRODUCT_NAME = "$(TARGET_NAME)";
				SWIFT_EMIT_LOC_STRINGS = YES;
				SWIFT_VERSION = 5.0;
				TARGETED_DEVICE_FAMILY = "1,2";
			};
			name = Release;
		};
/* End XCBuildConfiguration section */

/* Begin XCConfigurationList section */
		53557F1F2C721AD900263BFE /* Build configuration list for PBXProject "QiitaViewer" */ = {
			isa = XCConfigurationList;
			buildConfigurations = (
				53557F302C721ADB00263BFE /* Debug */,
				53557F312C721ADB00263BFE /* Release */,
			);
			defaultConfigurationIsVisible = 0;
			defaultConfigurationName = Release;
		};
		53557F322C721ADB00263BFE /* Build configuration list for PBXNativeTarget "QiitaViewer" */ = {
			isa = XCConfigurationList;
			buildConfigurations = (
				53557F332C721ADB00263BFE /* Debug */,
				53557F342C721ADB00263BFE /* Release */,
			);
			defaultConfigurationIsVisible = 0;
			defaultConfigurationName = Release;
		};
/* End XCConfigurationList section */
	};
	rootObject = 53557F1C2C721AD900263BFE /* Project object */;
}
